# THIS IS AN AUTOGENERATED FILE. DO NOT EDIT THIS FILE DIRECTLY.
# yarn lockfile v1


"@emnapi/core@^1.1.0":
  version "1.3.1"
  resolved "https://registry.yarnpkg.com/@emnapi/core/-/core-1.3.1.tgz#9c62d185372d1bddc94682b87f376e03dfac3f16"
  integrity sha512-pVGjBIt1Y6gg3EJN8jTcfpP/+uuRksIo055oE/OBkDNcjZqVbfkWCksG1Jp4yZnj3iKWyWX8fdG/j6UDYPbFog==
  dependencies:
    "@emnapi/wasi-threads" "1.0.1"
    tslib "^2.4.0"

"@emnapi/runtime@^1.1.0":
  version "1.3.1"
  resolved "https://registry.yarnpkg.com/@emnapi/runtime/-/runtime-1.3.1.tgz#0fcaa575afc31f455fd33534c19381cfce6c6f60"
  integrity sha512-kEBmG8KyqtxJZv+ygbEim+KCGtIq1fC22Ms3S4ziXmYKm8uyoLX0MHONVKwp+9opg390VaKRNt4a7A9NwmpNhw==
  dependencies:
    tslib "^2.4.0"

"@emnapi/wasi-threads@1.0.1":
  version "1.0.1"
  resolved "https://registry.yarnpkg.com/@emnapi/wasi-threads/-/wasi-threads-1.0.1.tgz#d7ae71fd2166b1c916c6cd2d0df2ef565a2e1a5b"
  integrity sha512-iIBu7mwkq4UQGeMEM8bLwNK962nXdhodeScX4slfQnRhEMMzvYivHhutCIk8uojvmASXXPC2WNEjwxFWk72Oqw==
  dependencies:
    tslib "^2.4.0"

"@napi-rs/wasm-runtime@^0.2.4":
  version "0.2.5"
  resolved "https://registry.yarnpkg.com/@napi-rs/wasm-runtime/-/wasm-runtime-0.2.5.tgz#b6f5079408305fe6a3529ccb2bb8ba8d9b7a02e7"
  integrity sha512-kwUxR7J9WLutBbulqg1dfOrMTwhMdXLdcGUhcbCcGwnPLt3gz19uHVdwH1syKVDbE022ZS2vZxOWflFLS0YTjw==
  dependencies:
    "@emnapi/core" "^1.1.0"
    "@emnapi/runtime" "^1.1.0"
    "@tybys/wasm-util" "^0.9.0"

"@oxc-resolver/binding-darwin-arm64@1.12.0":
  version "1.12.0"
  resolved "https://registry.yarnpkg.com/@oxc-resolver/binding-darwin-arm64/-/binding-darwin-arm64-1.12.0.tgz#efa73e417e58f4c29b540a5b709543723614e3ef"
  integrity sha512-wYe+dlF8npM7cwopOOxbdNjtmJp17e/xF5c0K2WooQXy5VOh74icydM33+Uh/SZDgwyum09/U1FVCX5GdeQk+A==

"@oxc-resolver/binding-darwin-x64@1.12.0":
  version "1.12.0"
  resolved "https://registry.yarnpkg.com/@oxc-resolver/binding-darwin-x64/-/binding-darwin-x64-1.12.0.tgz#4c6fb861e43187a10e84416a18a9cf0a443fab63"
  integrity sha512-FZxxp99om+SlvBr1cjzF8A3TjYcS0BInCqjUlM+2f9m9bPTR2Bng9Zq5Q09ZQyrKJjfGKqlOEHs3akuVOnrx3Q==

"@oxc-resolver/binding-freebsd-x64@1.12.0":
  version "1.12.0"
  resolved "https://registry.yarnpkg.com/@oxc-resolver/binding-freebsd-x64/-/binding-freebsd-x64-1.12.0.tgz#83a8586f0cf767fb566b50b1bf20d186bbf59f25"
  integrity sha512-BZi0iU6IEOnXGSkqt1OjTTkN9wfyaK6kTpQwL/axl8eCcNDc7wbv1vloHgILf7ozAY1TP75nsLYlASYI4B5kGA==

"@oxc-resolver/binding-linux-arm-gnueabihf@1.12.0":
  version "1.12.0"
  resolved "https://registry.yarnpkg.com/@oxc-resolver/binding-linux-arm-gnueabihf/-/binding-linux-arm-gnueabihf-1.12.0.tgz#a1365e73432bfd25b6c37a77eb4b037ed978cfb3"
  integrity sha512-L2qnMEnZAqxbG9b1J3di/w/THIm+1fMVfbbTMWIQNMMXdMeqqDN6ojnOLDtuP564rAh4TBFPdLyEfGhMz6ipNA==

"@oxc-resolver/binding-linux-arm64-gnu@1.12.0":
  version "1.12.0"
  resolved "https://registry.yarnpkg.com/@oxc-resolver/binding-linux-arm64-gnu/-/binding-linux-arm64-gnu-1.12.0.tgz#6cbba2f1002c1d4f0df63c3942432a866b3e9f4f"
  integrity sha512-otVbS4zeo3n71zgGLBYRTriDzc0zpruC0WI3ICwjpIk454cLwGV0yzh4jlGYWQJYJk0BRAmXFd3ooKIF+bKBHw==

"@oxc-resolver/binding-linux-arm64-musl@1.12.0":
  version "1.12.0"
  resolved "https://registry.yarnpkg.com/@oxc-resolver/binding-linux-arm64-musl/-/binding-linux-arm64-musl-1.12.0.tgz#64640c9b574252650b0c4ef84d75fe359e7c2460"
  integrity sha512-IStQDjIT7Lzmqg1i9wXvPL/NsYsxF24WqaQFS8b8rxra+z0VG7saBOsEnOaa4jcEY8MVpLYabFhTV+fSsA2vnA==

"@oxc-resolver/binding-linux-x64-gnu@1.12.0":
  version "1.12.0"
  resolved "https://registry.yarnpkg.com/@oxc-resolver/binding-linux-x64-gnu/-/binding-linux-x64-gnu-1.12.0.tgz#0d76538cfd36e7ebfc9af8ff06b9cd742b09fe53"
  integrity sha512-SipT7EVORz8pOQSFwemOm91TpSiBAGmOjG830/o+aLEsvQ4pEy223+SAnCfITh7+AahldYsJnVoIs519jmIlKQ==

"@oxc-resolver/binding-linux-x64-musl@1.12.0":
  version "1.12.0"
  resolved "https://registry.yarnpkg.com/@oxc-resolver/binding-linux-x64-musl/-/binding-linux-x64-musl-1.12.0.tgz#5cc5f7dfd711a23c7301f8643aaa2e2700ba884f"
  integrity sha512-mGh0XfUzKdn+WFaqPacziNraCWL5znkHRfQVxG9avGS9zb2KC/N1EBbPzFqutDwixGDP54r2gx4q54YCJEZ4iQ==

"@oxc-resolver/binding-wasm32-wasi@1.12.0":
  version "1.12.0"
  resolved "https://registry.yarnpkg.com/@oxc-resolver/binding-wasm32-wasi/-/binding-wasm32-wasi-1.12.0.tgz#d99656021b92190ed43902431fdc5a3b88a2cd77"
  integrity sha512-SZN6v7apKmQf/Vwiqb6e/s3Y2Oacw8uW8V2i1AlxtyaEFvnFE0UBn89zq6swEwE3OCajNWs0yPvgAXUMddYc7Q==
  dependencies:
    "@napi-rs/wasm-runtime" "^0.2.4"

"@oxc-resolver/binding-win32-arm64-msvc@1.12.0":
  version "1.12.0"
  resolved "https://registry.yarnpkg.com/@oxc-resolver/binding-win32-arm64-msvc/-/binding-win32-arm64-msvc-1.12.0.tgz#65a65ccb7dabf2a8720527143e2352f43d57ad5b"
  integrity sha512-GRe4bqCfFsyghruEn5bv47s9w3EWBdO2q72xCz5kpQ0LWbw+enPHtTjw3qX5PUcFYpKykM55FaO0hFDs1yzatw==

"@oxc-resolver/binding-win32-x64-msvc@1.12.0":
  version "1.12.0"
  resolved "https://registry.yarnpkg.com/@oxc-resolver/binding-win32-x64-msvc/-/binding-win32-x64-msvc-1.12.0.tgz#4e9b68dda8481a6d7d3e249ebfddd2c39728e923"
  integrity sha512-Z3llHH0jfJP4mlWq3DT7bK6qV+/vYe0+xzCgfc67+Tc/U3eYndujl880bexeGdGNPh87JeYznpZAOJ44N7QVVQ==

"@swc-node/core@^1.13.3":
  version "1.13.3"
  resolved "https://registry.yarnpkg.com/@swc-node/core/-/core-1.13.3.tgz#0821d01263f48314392d38d80ef1a03fef5f11b3"
  integrity sha512-OGsvXIid2Go21kiNqeTIn79jcaX4l0G93X2rAnas4LFoDyA9wAwVK7xZdm+QsKoMn5Mus2yFLCc4OtX2dD/PWA==

"@swc-node/register@^1.6.8":
  version "1.10.9"
  resolved "https://registry.yarnpkg.com/@swc-node/register/-/register-1.10.9.tgz#9e2660f99a12969d3e5a34144e6a5812c7187680"
  integrity sha512-iXy2sjP0phPEpK2yivjRC3PAgoLaT4sjSk0LDWCTdcTBJmR4waEog0E6eJbvoOkLkOtWw37SB8vCkl/bbh4+8A==
  dependencies:
    "@swc-node/core" "^1.13.3"
    "@swc-node/sourcemap-support" "^0.5.1"
    colorette "^2.0.20"
    debug "^4.3.5"
    oxc-resolver "^1.10.2"
    pirates "^4.0.6"
    tslib "^2.6.3"

"@swc-node/sourcemap-support@^0.5.1":
  version "0.5.1"
  resolved "https://registry.yarnpkg.com/@swc-node/sourcemap-support/-/sourcemap-support-0.5.1.tgz#0355540d62874891770ce1ba06838de186f098ff"
  integrity sha512-JxIvIo/Hrpv0JCHSyRpetAdQ6lB27oFYhv0PKCNf1g2gUXOjpeR1exrXccRxLMuAV5WAmGFBwRnNOJqN38+qtg==
  dependencies:
    source-map-support "^0.5.21"
    tslib "^2.6.3"

"@swc/core-darwin-arm64@1.8.0":
  version "1.8.0"
  resolved "https://registry.yarnpkg.com/@swc/core-darwin-arm64/-/core-darwin-arm64-1.8.0.tgz#4dc9e0918c9c2907f670fdb101f35574d4024892"
  integrity sha512-TIus1/SE/Ud4g84hCnchcagu+LfyndSDy5r5qf64nflojejDidPU9Fp1InzQhQpEgIpntnZID/KFCP5rQnvsIw==

"@swc/core-darwin-x64@1.8.0":
  version "1.8.0"
  resolved "https://registry.yarnpkg.com/@swc/core-darwin-x64/-/core-darwin-x64-1.8.0.tgz#ff06624452ee9081735671f5bed93fb776c5524e"
  integrity sha512-yCb1FHCX/HUmNRGB1X3CFJ1WPKXMosZVUe3K2TrosCGvytwgaLoW5FS0bZg5Qv6cEUERQBg75cJnOUPwLLRCVg==

"@swc/core-linux-arm-gnueabihf@1.8.0":
  version "1.8.0"
  resolved "https://registry.yarnpkg.com/@swc/core-linux-arm-gnueabihf/-/core-linux-arm-gnueabihf-1.8.0.tgz#2c093ff8733fbc10804e3fe74ddb1252740ad0d3"
  integrity sha512-6TdjVdiLaSW+eGiHKEojMDlx673nowrPHa6nM6toWgRzy8tIZgjPOguVKJDoMnoHuvO7SkOLCUiMRw0rTskypA==

"@swc/core-linux-arm64-gnu@1.8.0":
  version "1.8.0"
  resolved "https://registry.yarnpkg.com/@swc/core-linux-arm64-gnu/-/core-linux-arm64-gnu-1.8.0.tgz#70e0772a29be00b80e381a528262b1a846a47a1b"
  integrity sha512-TU2YcTornnyZiJUabRuk7Xtvzaep11FwK77IkFomjN9/Os5s25B8ea652c2fAQMe9RsM84FPVmX303ohxavjKQ==

"@swc/core-linux-arm64-musl@1.8.0":
  version "1.8.0"
  resolved "https://registry.yarnpkg.com/@swc/core-linux-arm64-musl/-/core-linux-arm64-musl-1.8.0.tgz#651647747f820f4667ad926c965b396bb82122fa"
  integrity sha512-2CdPTEKxx2hJIj/B0fn8L8k2coo/FDS95smzXyi2bov5FcrP6Ohboq8roFBYgj38fkHusXjY8qt+cCH7yXWAdg==

"@swc/core-linux-x64-gnu@1.8.0":
  version "1.8.0"
  resolved "https://registry.yarnpkg.com/@swc/core-linux-x64-gnu/-/core-linux-x64-gnu-1.8.0.tgz#745a3113bc48ee867631a77bb239ec598a2fc8f2"
  integrity sha512-14StQBifCs/AMsySdU95OmwNJr9LOVqo6rcTFt2b7XaWpe/AyeuMJFxcndLgUewksJHpfepzCTwNdbcYmuNo6A==

"@swc/core-linux-x64-musl@1.8.0":
  version "1.8.0"
  resolved "https://registry.yarnpkg.com/@swc/core-linux-x64-musl/-/core-linux-x64-musl-1.8.0.tgz#547c8176971cd1c3746d9d5feda3bacf2f95074a"
  integrity sha512-qemJnAQlYqKCfWNqVv5SG8uGvw8JotwU86cuFUkq35oTB+dsSFM3b83+B1giGTKKFOh2nfWT7bvPXTKk+aUjew==

"@swc/core-win32-arm64-msvc@1.8.0":
  version "1.8.0"
  resolved "https://registry.yarnpkg.com/@swc/core-win32-arm64-msvc/-/core-win32-arm64-msvc-1.8.0.tgz#363340f0fcb0d9e7b9e6d4167171ae64be0a114d"
  integrity sha512-fXt5vZbnrVdXZzGj2qRnZtY3uh+NtLCaFjS2uD9w8ssdbjhbDZYlJCj2JINOjv35ttEfAD2goiYmVa5P/Ypl+g==

"@swc/core-win32-ia32-msvc@1.8.0":
  version "1.8.0"
  resolved "https://registry.yarnpkg.com/@swc/core-win32-ia32-msvc/-/core-win32-ia32-msvc-1.8.0.tgz#95ce2aecbe794e6357214b44bac6d5d1ad296bcc"
  integrity sha512-W4FA2vSJ+bGYiTj6gspxghSdKQNLfLMo65AH07u797x7I+YJj8amnFY/fQRlroDv5Dez/FHTv14oPlTlNFUpIw==

"@swc/core-win32-x64-msvc@1.8.0":
  version "1.8.0"
  resolved "https://registry.yarnpkg.com/@swc/core-win32-x64-msvc/-/core-win32-x64-msvc-1.8.0.tgz#2b31cb9db381d6863727190bb4b1a7be7ce78ce8"
  integrity sha512-Il4y8XwKDV0Bnk0IpA00kGcSQC6I9XOIinW5egTutnwIDfDE+qsD0j+0isW5H76GetY3/Ze0lVxeOXLAUgpegA==

"@swc/core@^1.3.95":
  version "1.8.0"
  resolved "https://registry.yarnpkg.com/@swc/core/-/core-1.8.0.tgz#ae9290e6d138abc7c3d6b50fe5223d3c601f9155"
  integrity sha512-EF8C5lp1RKMp3426tAKwQyVbg4Zcn/2FDax3cz8EcOXYQJM/ctB687IvBm9Ciej1wMcQ/dMRg+OB4Xl8BGLBoA==
  dependencies:
    "@swc/counter" "^0.1.3"
    "@swc/types" "^0.1.14"
  optionalDependencies:
    "@swc/core-darwin-arm64" "1.8.0"
    "@swc/core-darwin-x64" "1.8.0"
    "@swc/core-linux-arm-gnueabihf" "1.8.0"
    "@swc/core-linux-arm64-gnu" "1.8.0"
    "@swc/core-linux-arm64-musl" "1.8.0"
    "@swc/core-linux-x64-gnu" "1.8.0"
    "@swc/core-linux-x64-musl" "1.8.0"
    "@swc/core-win32-arm64-msvc" "1.8.0"
    "@swc/core-win32-ia32-msvc" "1.8.0"
    "@swc/core-win32-x64-msvc" "1.8.0"

"@swc/counter@^0.1.3":
  version "0.1.3"
  resolved "https://registry.yarnpkg.com/@swc/counter/-/counter-0.1.3.tgz#cc7463bd02949611c6329596fccd2b0ec782b0e9"
  integrity sha512-e2BR4lsJkkRlKZ/qCHPw9ZaSxc0MVUd7gtbtaB7aMvHeJVYe8sOB8DBZkP2DtISHGSku9sCK6T6cnY0CtXrOCQ==

"@swc/types@^0.1.14":
  version "0.1.14"
  resolved "https://registry.yarnpkg.com/@swc/types/-/types-0.1.14.tgz#0a0a3f60f801c5d7d52ab02fd5f924d9c6dbcb0d"
  integrity sha512-PbSmTiYCN+GMrvfjrMo9bdY+f2COnwbdnoMw7rqU/PI5jXpKjxOGZ0qqZCImxnT81NkNsKnmEpvu+hRXLBeCJg==
  dependencies:
    "@swc/counter" "^0.1.3"

"@tybys/wasm-util@^0.9.0":
  version "0.9.0"
  resolved "https://registry.yarnpkg.com/@tybys/wasm-util/-/wasm-util-0.9.0.tgz#3e75eb00604c8d6db470bf18c37b7d984a0e3355"
  integrity sha512-6+7nlbMVX/PVDCwaIQ8nTOPveOcFLSt8GcXdx8hD0bt39uWxYT88uXzqTd4fTvqta7oeUJqudepapKNt2DYJFw==
  dependencies:
    tslib "^2.4.0"

buffer-from@^1.0.0:
  version "1.1.2"
  resolved "https://registry.yarnpkg.com/buffer-from/-/buffer-from-1.1.2.tgz#2b146a6fd72e80b4f55d255f35ed59a3a9a41bd5"
  integrity sha512-E+XQCRwSbaaiChtv6k6Dwgc+bx+Bs6vuKJHHl5kox/BaKbhiXzqQOwK4cO22yElGp2OCmjwVhT3HmxgyPGnJfQ==

colorette@^2.0.20:
  version "2.0.20"
  resolved "https://registry.yarnpkg.com/colorette/-/colorette-2.0.20.tgz#9eb793e6833067f7235902fcd3b09917a000a95a"
  integrity sha512-IfEDxwoWIjkeXL1eXcDiow4UbKjhLdq6/EuSVR9GMN7KVH3r9gQ83e73hsz1Nd1T3ijd5xv1wcWRYO+D6kCI2w==

debug@^4.3.5:
  version "4.3.7"
  resolved "https://registry.yarnpkg.com/debug/-/debug-4.3.7.tgz#87945b4151a011d76d95a198d7111c865c360a52"
  integrity sha512-Er2nc/H7RrMXZBFCEim6TCmMk02Z8vLC2Rbi1KEBggpo0fS6l0S1nnapwmIi3yW/+GOJap1Krg4w0Hg80oCqgQ==
  dependencies:
    ms "^2.1.3"

ms@^2.1.3:
  version "2.1.3"
  resolved "https://registry.yarnpkg.com/ms/-/ms-2.1.3.tgz#574c8138ce1d2b5861f0b44579dbadd60c6615b2"
  integrity sha512-6FlzubTLZG3J2a/NVCAleEhjzq5oxgHyaCU9yYXvcLsvoVaHJq/s5xXI6/XXP6tz7R9xAOtHnSO/tXtF3WRTlA==

oxc-resolver@^1.10.2:
  version "1.12.0"
  resolved "https://registry.yarnpkg.com/oxc-resolver/-/oxc-resolver-1.12.0.tgz#192aee832fd9a9a2a6e268b4e2e48b56ffeb2f80"
  integrity sha512-YlaCIArvWNKCWZFRrMjhh2l5jK80eXnpYP+bhRc1J/7cW3TiyEY0ngJo73o/5n8hA3+4yLdTmXLNTQ3Ncz50LQ==
  optionalDependencies:
    "@oxc-resolver/binding-darwin-arm64" "1.12.0"
    "@oxc-resolver/binding-darwin-x64" "1.12.0"
    "@oxc-resolver/binding-freebsd-x64" "1.12.0"
    "@oxc-resolver/binding-linux-arm-gnueabihf" "1.12.0"
    "@oxc-resolver/binding-linux-arm64-gnu" "1.12.0"
    "@oxc-resolver/binding-linux-arm64-musl" "1.12.0"
    "@oxc-resolver/binding-linux-x64-gnu" "1.12.0"
    "@oxc-resolver/binding-linux-x64-musl" "1.12.0"
    "@oxc-resolver/binding-wasm32-wasi" "1.12.0"
    "@oxc-resolver/binding-win32-arm64-msvc" "1.12.0"
    "@oxc-resolver/binding-win32-x64-msvc" "1.12.0"

pirates@^4.0.6:
  version "4.0.6"
  resolved "https://registry.yarnpkg.com/pirates/-/pirates-4.0.6.tgz#3018ae32ecfcff6c29ba2267cbf21166ac1f36b9"
  integrity sha512-saLsH7WeYYPiD25LDuLRRY/i+6HaPYr6G1OUlN39otzkSTxKnubR9RTxS3/Kk50s1g2JTgFwWQDQyplC5/SHZg==

source-map-support@^0.5.21:
  version "0.5.21"
  resolved "https://registry.yarnpkg.com/source-map-support/-/source-map-support-0.5.21.tgz#04fe7c7f9e1ed2d662233c28cb2b35b9f63f6e4f"
  integrity sha512-uBHU3L3czsIyYXKX88fdrGovxdSCoTGDRZ6SYXtSRxLZUzHg5P/66Ht6uoUlHu9EZod+inXhKo3qQgwXUT/y1w==
  dependencies:
    buffer-from "^1.0.0"
    source-map "^0.6.0"

source-map@^0.6.0:
  version "0.6.1"
  resolved "https://registry.yarnpkg.com/source-map/-/source-map-0.6.1.tgz#74722af32e9614e9c287a8d0bbde48b5e2f1a263"
  integrity sha512-UjgapumWlbMhkBgzT7Ykc5YXUT46F0iKu8SGXq0bcwP5dz/h0Plj6enJqjz1Zbq2l5WaqYnrVbwWOWMyF3F47g==

tslib@^2.4.0, tslib@^2.6.3:
  version "2.8.1"
  resolved "https://registry.yarnpkg.com/tslib/-/tslib-2.8.1.tgz#612efe4ed235d567e8aba5f2a5fab70280ade83f"
  integrity sha512-oJFu94HQb+KVduSUQL7wnpmqnfmLsOA/nAh6b6EH0wCEoK0/mPeXU6c3wKDV83MkOuHPRHtSXKKU99IBazS/2w==
