# THIS IS AN AUTOGENERATED FILE. DO NOT EDIT THIS FILE DIRECTLY.
# yarn lockfile v1


"@swc-node/core@^1.10.6":
  version "1.10.6"
  resolved "https://registry.yarnpkg.com/@swc-node/core/-/core-1.10.6.tgz#5c2af68bd4c9c8f5d91178a724af341a4402f5b6"
  integrity sha512-lDIi/rPosmKIknWzvs2/Fi9zWRtbkx8OJ9pQaevhsoGzJSal8Pd315k1W5AIrnknfdAB4HqRN12fk6AhqnrEEw==

"@swc-node/register@^1.6.8":
  version "1.6.8"
  resolved "https://registry.yarnpkg.com/@swc-node/register/-/register-1.6.8.tgz#4e2402b42ae5b538d5041e0c4d86d9c3c8d5b323"
  integrity sha512-74ijy7J9CWr1Z88yO+ykXphV29giCrSpANQPQRooE0bObpkTO1g4RzQovIfbIaniBiGDDVsYwDoQ3FIrCE8HcQ==
  dependencies:
    "@swc-node/core" "^1.10.6"
    "@swc-node/sourcemap-support" "^0.3.0"
    colorette "^2.0.19"
    debug "^4.3.4"
    pirates "^4.0.5"
    tslib "^2.5.0"

"@swc-node/sourcemap-support@^0.3.0":
  version "0.3.0"
  resolved "https://registry.yarnpkg.com/@swc-node/sourcemap-support/-/sourcemap-support-0.3.0.tgz#e8a0d139bd3e8db39635f63fde43dbe6c39237cc"
  integrity sha512-gqBJSmJMWomZFxlppaKea7NeAqFrDrrS0RMt24No92M3nJWcyI9YKGEQKl+EyJqZ5gh6w1s0cTklMHMzRwA1NA==
  dependencies:
    source-map-support "^0.5.21"
    tslib "^2.5.0"

"@swc/core-darwin-arm64@1.3.95":
  version "1.3.95"
  resolved "https://registry.yarnpkg.com/@swc/core-darwin-arm64/-/core-darwin-arm64-1.3.95.tgz#e6b6363fc0a22ee3cd9a63130d2042d5027aae2c"
  integrity sha512-VAuBAP3MNetO/yBIBzvorUXq7lUBwhfpJxYViSxyluMwtoQDhE/XWN598TWMwMl1ZuImb56d7eUsuFdjgY7pJw==

"@swc/core-darwin-x64@1.3.95":
  version "1.3.95"
  resolved "https://registry.yarnpkg.com/@swc/core-darwin-x64/-/core-darwin-x64-1.3.95.tgz#7911a03f4e0f9359710d3d6ad1dba7b5569efe5d"
  integrity sha512-20vF2rvUsN98zGLZc+dsEdHvLoCuiYq/1B+TDeE4oolgTFDmI1jKO+m44PzWjYtKGU9QR95sZ6r/uec0QC5O4Q==

"@swc/core-linux-arm-gnueabihf@1.3.95":
  version "1.3.95"
  resolved "https://registry.yarnpkg.com/@swc/core-linux-arm-gnueabihf/-/core-linux-arm-gnueabihf-1.3.95.tgz#95a2c9fc6849df9f1944957669c82c559d65b24f"
  integrity sha512-oEudEM8PST1MRNGs+zu0cx5i9uP8TsLE4/L9HHrS07Ck0RJ3DCj3O2fU832nmLe2QxnAGPwBpSO9FntLfOiWEQ==

"@swc/core-linux-arm64-gnu@1.3.95":
  version "1.3.95"
  resolved "https://registry.yarnpkg.com/@swc/core-linux-arm64-gnu/-/core-linux-arm64-gnu-1.3.95.tgz#1914d42041469582e3cc56619890edbcc54e83d6"
  integrity sha512-pIhFI+cuC1aYg+0NAPxwT/VRb32f2ia8oGxUjQR6aJg65gLkUYQzdwuUmpMtFR2WVf7WVFYxUnjo4UyMuyh3ng==

"@swc/core-linux-arm64-musl@1.3.95":
  version "1.3.95"
  resolved "https://registry.yarnpkg.com/@swc/core-linux-arm64-musl/-/core-linux-arm64-musl-1.3.95.tgz#8d73822a5807575a572d6a2d6cb64587a9f19ce6"
  integrity sha512-ZpbTr+QZDT4OPJfjPAmScqdKKaT+wGurvMU5AhxLaf85DuL8HwUwwlL0n1oLieLc47DwIJEMuKQkYhXMqmJHlg==

"@swc/core-linux-x64-gnu@1.3.95":
  version "1.3.95"
  resolved "https://registry.yarnpkg.com/@swc/core-linux-x64-gnu/-/core-linux-x64-gnu-1.3.95.tgz#80467727ec11da3de49e6be2abf735964a808483"
  integrity sha512-n9SuHEFtdfSJ+sHdNXNRuIOVprB8nbsz+08apKfdo4lEKq6IIPBBAk5kVhPhkjmg2dFVHVo4Tr/OHXM1tzWCCw==

"@swc/core-linux-x64-musl@1.3.95":
  version "1.3.95"
  resolved "https://registry.yarnpkg.com/@swc/core-linux-x64-musl/-/core-linux-x64-musl-1.3.95.tgz#675a53ac037846bd1bb9840a95ebcb5289265d3b"
  integrity sha512-L1JrVlsXU3LC0WwmVnMK9HrOT2uhHahAoPNMJnZQpc18a0paO9fqifPG8M/HjNRffMUXR199G/phJsf326UvVg==

"@swc/core-win32-arm64-msvc@1.3.95":
  version "1.3.95"
  resolved "https://registry.yarnpkg.com/@swc/core-win32-arm64-msvc/-/core-win32-arm64-msvc-1.3.95.tgz#7f0b5d0d0a090c5c625bbc54ffaf427d861c068a"
  integrity sha512-YaP4x/aZbUyNdqCBpC2zL8b8n58MEpOUpmOIZK6G1SxGi+2ENht7gs7+iXpWPc0sy7X3YPKmSWMAuui0h8lgAA==

"@swc/core-win32-ia32-msvc@1.3.95":
  version "1.3.95"
  resolved "https://registry.yarnpkg.com/@swc/core-win32-ia32-msvc/-/core-win32-ia32-msvc-1.3.95.tgz#06e2778549a37f0b505b24fd8f40c1c038e29f3e"
  integrity sha512-w0u3HI916zT4BC/57gOd+AwAEjXeUlQbGJ9H4p/gzs1zkSHtoDQghVUNy3n/ZKp9KFod/95cA8mbVF9t1+6epQ==

"@swc/core-win32-x64-msvc@1.3.95":
  version "1.3.95"
  resolved "https://registry.yarnpkg.com/@swc/core-win32-x64-msvc/-/core-win32-x64-msvc-1.3.95.tgz#40f6b131e84ba6ed97f516edf0f9d5a766c0da64"
  integrity sha512-5RGnMt0S6gg4Gc6QtPUJ3Qs9Un4sKqccEzgH/tj7V/DVTJwKdnBKxFZfgQ34OR2Zpz7zGOn889xwsFVXspVWNA==

"@swc/core@^1.3.95":
  version "1.3.95"
  resolved "https://registry.yarnpkg.com/@swc/core/-/core-1.3.95.tgz#2743b8460e6f29385e3dbe49f3f66277ab233536"
  integrity sha512-PMrNeuqIusq9DPDooV3FfNEbZuTu5jKAc04N3Hm6Uk2Fl49cqElLFQ4xvl4qDmVDz97n3n/C1RE0/f6WyGPEiA==
  dependencies:
    "@swc/counter" "^0.1.1"
    "@swc/types" "^0.1.5"
  optionalDependencies:
    "@swc/core-darwin-arm64" "1.3.95"
    "@swc/core-darwin-x64" "1.3.95"
    "@swc/core-linux-arm-gnueabihf" "1.3.95"
    "@swc/core-linux-arm64-gnu" "1.3.95"
    "@swc/core-linux-arm64-musl" "1.3.95"
    "@swc/core-linux-x64-gnu" "1.3.95"
    "@swc/core-linux-x64-musl" "1.3.95"
    "@swc/core-win32-arm64-msvc" "1.3.95"
    "@swc/core-win32-ia32-msvc" "1.3.95"
    "@swc/core-win32-x64-msvc" "1.3.95"

"@swc/counter@^0.1.1":
  version "0.1.2"
  resolved "https://registry.yarnpkg.com/@swc/counter/-/counter-0.1.2.tgz#bf06d0770e47c6f1102270b744e17b934586985e"
  integrity sha512-9F4ys4C74eSTEUNndnER3VJ15oru2NumfQxS8geE+f3eB5xvfxpWyqE5XlVnxb/R14uoXi6SLbBwwiDSkv+XEw==

"@swc/types@^0.1.5":
  version "0.1.5"
  resolved "https://registry.yarnpkg.com/@swc/types/-/types-0.1.5.tgz#043b731d4f56a79b4897a3de1af35e75d56bc63a"
  integrity sha512-myfUej5naTBWnqOCc/MdVOLVjXUXtIA+NpDrDBKJtLLg2shUjBu3cZmB/85RyitKc55+lUUyl7oRfLOvkr2hsw==

buffer-from@^1.0.0:
  version "1.1.2"
  resolved "https://registry.yarnpkg.com/buffer-from/-/buffer-from-1.1.2.tgz#2b146a6fd72e80b4f55d255f35ed59a3a9a41bd5"
  integrity sha512-E+XQCRwSbaaiChtv6k6Dwgc+bx+Bs6vuKJHHl5kox/BaKbhiXzqQOwK4cO22yElGp2OCmjwVhT3HmxgyPGnJfQ==

colorette@^2.0.19:
  version "2.0.20"
  resolved "https://registry.yarnpkg.com/colorette/-/colorette-2.0.20.tgz#9eb793e6833067f7235902fcd3b09917a000a95a"
  integrity sha512-IfEDxwoWIjkeXL1eXcDiow4UbKjhLdq6/EuSVR9GMN7KVH3r9gQ83e73hsz1Nd1T3ijd5xv1wcWRYO+D6kCI2w==

debug@^4.3.4:
  version "4.3.4"
  resolved "https://registry.yarnpkg.com/debug/-/debug-4.3.4.tgz#1319f6579357f2338d3337d2cdd4914bb5dcc865"
  integrity sha512-PRWFHuSU3eDtQJPvnNY7Jcket1j0t5OuOsFzPPzsekD52Zl8qUfFIPEiswXqIvHWGVHOgX+7G/vCNNhehwxfkQ==
  dependencies:
    ms "2.1.2"

ms@2.1.2:
  version "2.1.2"
  resolved "https://registry.yarnpkg.com/ms/-/ms-2.1.2.tgz#d09d1f357b443f493382a8eb3ccd183872ae6009"
  integrity sha512-sGkPx+VjMtmA6MX27oA4FBFELFCZZ4S4XqeGOXCv68tT+jb3vk/RyaKWP0PTKyWtmLSM0b+adUTEvbs1PEaH2w==

pirates@^4.0.5:
  version "4.0.6"
  resolved "https://registry.yarnpkg.com/pirates/-/pirates-4.0.6.tgz#3018ae32ecfcff6c29ba2267cbf21166ac1f36b9"
  integrity sha512-saLsH7WeYYPiD25LDuLRRY/i+6HaPYr6G1OUlN39otzkSTxKnubR9RTxS3/Kk50s1g2JTgFwWQDQyplC5/SHZg==

source-map-support@^0.5.21:
  version "0.5.21"
  resolved "https://registry.yarnpkg.com/source-map-support/-/source-map-support-0.5.21.tgz#04fe7c7f9e1ed2d662233c28cb2b35b9f63f6e4f"
  integrity sha512-uBHU3L3czsIyYXKX88fdrGovxdSCoTGDRZ6SYXtSRxLZUzHg5P/66Ht6uoUlHu9EZod+inXhKo3qQgwXUT/y1w==
  dependencies:
    buffer-from "^1.0.0"
    source-map "^0.6.0"

source-map@^0.6.0:
  version "0.6.1"
  resolved "https://registry.yarnpkg.com/source-map/-/source-map-0.6.1.tgz#74722af32e9614e9c287a8d0bbde48b5e2f1a263"
  integrity sha512-UjgapumWlbMhkBgzT7Ykc5YXUT46F0iKu8SGXq0bcwP5dz/h0Plj6enJqjz1Zbq2l5WaqYnrVbwWOWMyF3F47g==

tslib@^2.5.0:
  version "2.6.2"
  resolved "https://registry.yarnpkg.com/tslib/-/tslib-2.6.2.tgz#703ac29425e7b37cd6fd456e92404d46d1f3e4ae"
  integrity sha512-AEYxH93jGFPn/a2iVAwW87VuUIkR1FVUKB77NwMF7nBTDkDrrT/Hpt/IrCJ0QXhW27jTBDcf5ZY7w6RiqTMw2Q==
